
Microsoft Visual Studio Solution File, Format Version 11.00
# Visual Studio 15
Project("{8BC9CEB8-8B4A-11D0-8D11-00A0C91BC942}") = "3d", "3d.vcxproj", "{F391941F-BCFB-48C5-8E3A-0F4292BAA5D2}"
EndProject
Project("{8BC9CEB8-8B4A-11D0-8D11-00A0C91BC942}") = "3d_multi", "3d_multi.vcxproj", "{F3C8D676-F843-4CB3-9BA5-F3EBD709E8FA}"
EndProject
Project("{8BC9CEB8-8B4A-11D0-8D11-00A0C91BC942}") = "event_parameter", "event_parameter.vcxproj", "{9453C7AD-1B5E-42F8-AE03-3BAC0651AA82}"
EndProject
Project("{8BC9CEB8-8B4A-11D0-8D11-00A0C91BC942}") = "load_banks", "load_banks.vcxproj", "{CB6F60D6-8FFE-4AC8-BFC5-817346AD5DFB}"
EndProject
Project("{8BC9CEB8-8B4A-11D0-8D11-00A0C91BC942}") = "music_callbacks", "music_callbacks.vcxproj", "{65A41EC4-67E5-4CEB-8180-99B49ED4A81A}"
EndProject
Project("{8BC9CEB8-8B4A-11D0-8D11-00A0C91BC942}") = "objectpan", "objectpan.vcxproj", "{D1057F59-CDE5-4376-B0FE-8B327A64ED04}"
EndProject
Project("{8BC9CEB8-8B4A-11D0-8D11-00A0C91BC942}") = "programmer_sound", "programmer_sound.vcxproj", "{16DF19C1-ADCB-4C0F-89B1-F617638B46A3}"
EndProject
Project("{8BC9CEB8-8B4A-11D0-8D11-00A0C91BC942}") = "recording_playback", "recording_playback.vcxproj", "{C515438A-EDD3-41AA-99F8-B5B97E59245B}"
EndProject
Project("{8BC9CEB8-8B4A-11D0-8D11-00A0C91BC942}") = "simple_event", "simple_event.vcxproj", "{47E780F6-CDE5-4A73-8537-59B76C4787D2}"
EndProject
Global
	GlobalSection(SolutionConfigurationPlatforms) = preSolution
		Debug|Win32 = Debug|Win32
		Debug|x64 = Debug|x64
		Debug|ARM64 = Debug|ARM64
		Release|Win32 = Release|Win32
		Release|x64 = Release|x64
		Release|ARM64 = Release|ARM64
	EndGlobalSection
	GlobalSection(ProjectConfigurationPlatforms) = postSolution
		{F391941F-BCFB-48C5-8E3A-0F4292BAA5D2}.Debug|Win32.ActiveCfg = Debug|Win32
		{F391941F-BCFB-48C5-8E3A-0F4292BAA5D2}.Debug|Win32.Build.0 = Debug|Win32
		{F391941F-BCFB-48C5-8E3A-0F4292BAA5D2}.Debug|Win32.Deploy.0 = Debug|Win32
		{F391941F-BCFB-48C5-8E3A-0F4292BAA5D2}.Debug|x64.ActiveCfg = Debug|x64
		{F391941F-BCFB-48C5-8E3A-0F4292BAA5D2}.Debug|x64.Build.0 = Debug|x64
		{F391941F-BCFB-48C5-8E3A-0F4292BAA5D2}.Debug|x64.Deploy.0 = Debug|x64
		{F391941F-BCFB-48C5-8E3A-0F4292BAA5D2}.Debug|ARM64.ActiveCfg = Debug|ARM64
		{F391941F-BCFB-48C5-8E3A-0F4292BAA5D2}.Debug|ARM64.Build.0 = Debug|ARM64
		{F391941F-BCFB-48C5-8E3A-0F4292BAA5D2}.Debug|ARM64.Deploy.0 = Debug|ARM64
		{F391941F-BCFB-48C5-8E3A-0F4292BAA5D2}.Release|Win32.ActiveCfg = Release|Win32
		{F391941F-BCFB-48C5-8E3A-0F4292BAA5D2}.Release|Win32.Build.0 = Release|Win32
		{F391941F-BCFB-48C5-8E3A-0F4292BAA5D2}.Release|Win32.Deploy.0 = Release|Win32
		{F391941F-BCFB-48C5-8E3A-0F4292BAA5D2}.Release|x64.ActiveCfg = Release|x64
		{F391941F-BCFB-48C5-8E3A-0F4292BAA5D2}.Release|x64.Build.0 = Release|x64
		{F391941F-BCFB-48C5-8E3A-0F4292BAA5D2}.Release|x64.Deploy.0 = Release|x64
		{F391941F-BCFB-48C5-8E3A-0F4292BAA5D2}.Release|ARM64.ActiveCfg = Release|ARM64
		{F391941F-BCFB-48C5-8E3A-0F4292BAA5D2}.Release|ARM64.Build.0 = Release|ARM64
		{F391941F-BCFB-48C5-8E3A-0F4292BAA5D2}.Release|ARM64.Deploy.0 = Release|ARM64
		{F3C8D676-F843-4CB3-9BA5-F3EBD709E8FA}.Debug|Win32.ActiveCfg = Debug|Win32
		{F3C8D676-F843-4CB3-9BA5-F3EBD709E8FA}.Debug|Win32.Build.0 = Debug|Win32
		{F3C8D676-F843-4CB3-9BA5-F3EBD709E8FA}.Debug|Win32.Deploy.0 = Debug|Win32
		{F3C8D676-F843-4CB3-9BA5-F3EBD709E8FA}.Debug|x64.ActiveCfg = Debug|x64
		{F3C8D676-F843-4CB3-9BA5-F3EBD709E8FA}.Debug|x64.Build.0 = Debug|x64
		{F3C8D676-F843-4CB3-9BA5-F3EBD709E8FA}.Debug|x64.Deploy.0 = Debug|x64
		{F3C8D676-F843-4CB3-9BA5-F3EBD709E8FA}.Debug|ARM64.ActiveCfg = Debug|ARM64
		{F3C8D676-F843-4CB3-9BA5-F3EBD709E8FA}.Debug|ARM64.Build.0 = Debug|ARM64
		{F3C8D676-F843-4CB3-9BA5-F3EBD709E8FA}.Debug|ARM64.Deploy.0 = Debug|ARM64
		{F3C8D676-F843-4CB3-9BA5-F3EBD709E8FA}.Release|Win32.ActiveCfg = Release|Win32
		{F3C8D676-F843-4CB3-9BA5-F3EBD709E8FA}.Release|Win32.Build.0 = Release|Win32
		{F3C8D676-F843-4CB3-9BA5-F3EBD709E8FA}.Release|Win32.Deploy.0 = Release|Win32
		{F3C8D676-F843-4CB3-9BA5-F3EBD709E8FA}.Release|x64.ActiveCfg = Release|x64
		{F3C8D676-F843-4CB3-9BA5-F3EBD709E8FA}.Release|x64.Build.0 = Release|x64
		{F3C8D676-F843-4CB3-9BA5-F3EBD709E8FA}.Release|x64.Deploy.0 = Release|x64
		{F3C8D676-F843-4CB3-9BA5-F3EBD709E8FA}.Release|ARM64.ActiveCfg = Release|ARM64
		{F3C8D676-F843-4CB3-9BA5-F3EBD709E8FA}.Release|ARM64.Build.0 = Release|ARM64
		{F3C8D676-F843-4CB3-9BA5-F3EBD709E8FA}.Release|ARM64.Deploy.0 = Release|ARM64
		{9453C7AD-1B5E-42F8-AE03-3BAC0651AA82}.Debug|Win32.ActiveCfg = Debug|Win32
		{9453C7AD-1B5E-42F8-AE03-3BAC0651AA82}.Debug|Win32.Build.0 = Debug|Win32
		{9453C7AD-1B5E-42F8-AE03-3BAC0651AA82}.Debug|Win32.Deploy.0 = Debug|Win32
		{9453C7AD-1B5E-42F8-AE03-3BAC0651AA82}.Debug|x64.ActiveCfg = Debug|x64
		{9453C7AD-1B5E-42F8-AE03-3BAC0651AA82}.Debug|x64.Build.0 = Debug|x64
		{9453C7AD-1B5E-42F8-AE03-3BAC0651AA82}.Debug|x64.Deploy.0 = Debug|x64
		{9453C7AD-1B5E-42F8-AE03-3BAC0651AA82}.Debug|ARM64.ActiveCfg = Debug|ARM64
		{9453C7AD-1B5E-42F8-AE03-3BAC0651AA82}.Debug|ARM64.Build.0 = Debug|ARM64
		{9453C7AD-1B5E-42F8-AE03-3BAC0651AA82}.Debug|ARM64.Deploy.0 = Debug|ARM64
		{9453C7AD-1B5E-42F8-AE03-3BAC0651AA82}.Release|Win32.ActiveCfg = Release|Win32
		{9453C7AD-1B5E-42F8-AE03-3BAC0651AA82}.Release|Win32.Build.0 = Release|Win32
		{9453C7AD-1B5E-42F8-AE03-3BAC0651AA82}.Release|Win32.Deploy.0 = Release|Win32
		{9453C7AD-1B5E-42F8-AE03-3BAC0651AA82}.Release|x64.ActiveCfg = Release|x64
		{9453C7AD-1B5E-42F8-AE03-3BAC0651AA82}.Release|x64.Build.0 = Release|x64
		{9453C7AD-1B5E-42F8-AE03-3BAC0651AA82}.Release|x64.Deploy.0 = Release|x64
		{9453C7AD-1B5E-42F8-AE03-3BAC0651AA82}.Release|ARM64.ActiveCfg = Release|ARM64
		{9453C7AD-1B5E-42F8-AE03-3BAC0651AA82}.Release|ARM64.Build.0 = Release|ARM64
		{9453C7AD-1B5E-42F8-AE03-3BAC0651AA82}.Release|ARM64.Deploy.0 = Release|ARM64
		{CB6F60D6-8FFE-4AC8-BFC5-817346AD5DFB}.Debug|Win32.ActiveCfg = Debug|Win32
		{CB6F60D6-8FFE-4AC8-BFC5-817346AD5DFB}.Debug|Win32.Build.0 = Debug|Win32
		{CB6F60D6-8FFE-4AC8-BFC5-817346AD5DFB}.Debug|Win32.Deploy.0 = Debug|Win32
		{CB6F60D6-8FFE-4AC8-BFC5-817346AD5DFB}.Debug|x64.ActiveCfg = Debug|x64
		{CB6F60D6-8FFE-4AC8-BFC5-817346AD5DFB}.Debug|x64.Build.0 = Debug|x64
		{CB6F60D6-8FFE-4AC8-BFC5-817346AD5DFB}.Debug|x64.Deploy.0 = Debug|x64
		{CB6F60D6-8FFE-4AC8-BFC5-817346AD5DFB}.Debug|ARM64.ActiveCfg = Debug|ARM64
		{CB6F60D6-8FFE-4AC8-BFC5-817346AD5DFB}.Debug|ARM64.Build.0 = Debug|ARM64
		{CB6F60D6-8FFE-4AC8-BFC5-817346AD5DFB}.Debug|ARM64.Deploy.0 = Debug|ARM64
		{CB6F60D6-8FFE-4AC8-BFC5-817346AD5DFB}.Release|Win32.ActiveCfg = Release|Win32
		{CB6F60D6-8FFE-4AC8-BFC5-817346AD5DFB}.Release|Win32.Build.0 = Release|Win32
		{CB6F60D6-8FFE-4AC8-BFC5-817346AD5DFB}.Release|Win32.Deploy.0 = Release|Win32
		{CB6F60D6-8FFE-4AC8-BFC5-817346AD5DFB}.Release|x64.ActiveCfg = Release|x64
		{CB6F60D6-8FFE-4AC8-BFC5-817346AD5DFB}.Release|x64.Build.0 = Release|x64
		{CB6F60D6-8FFE-4AC8-BFC5-817346AD5DFB}.Release|x64.Deploy.0 = Release|x64
		{CB6F60D6-8FFE-4AC8-BFC5-817346AD5DFB}.Release|ARM64.ActiveCfg = Release|ARM64
		{CB6F60D6-8FFE-4AC8-BFC5-817346AD5DFB}.Release|ARM64.Build.0 = Release|ARM64
		{CB6F60D6-8FFE-4AC8-BFC5-817346AD5DFB}.Release|ARM64.Deploy.0 = Release|ARM64
		{65A41EC4-67E5-4CEB-8180-99B49ED4A81A}.Debug|Win32.ActiveCfg = Debug|Win32
		{65A41EC4-67E5-4CEB-8180-99B49ED4A81A}.Debug|Win32.Build.0 = Debug|Win32
		{65A41EC4-67E5-4CEB-8180-99B49ED4A81A}.Debug|Win32.Deploy.0 = Debug|Win32
		{65A41EC4-67E5-4CEB-8180-99B49ED4A81A}.Debug|x64.ActiveCfg = Debug|x64
		{65A41EC4-67E5-4CEB-8180-99B49ED4A81A}.Debug|x64.Build.0 = Debug|x64
		{65A41EC4-67E5-4CEB-8180-99B49ED4A81A}.Debug|x64.Deploy.0 = Debug|x64
		{65A41EC4-67E5-4CEB-8180-99B49ED4A81A}.Debug|ARM64.ActiveCfg = Debug|ARM64
		{65A41EC4-67E5-4CEB-8180-99B49ED4A81A}.Debug|ARM64.Build.0 = Debug|ARM64
		{65A41EC4-67E5-4CEB-8180-99B49ED4A81A}.Debug|ARM64.Deploy.0 = Debug|ARM64
		{65A41EC4-67E5-4CEB-8180-99B49ED4A81A}.Release|Win32.ActiveCfg = Release|Win32
		{65A41EC4-67E5-4CEB-8180-99B49ED4A81A}.Release|Win32.Build.0 = Release|Win32
		{65A41EC4-67E5-4CEB-8180-99B49ED4A81A}.Release|Win32.Deploy.0 = Release|Win32
		{65A41EC4-67E5-4CEB-8180-99B49ED4A81A}.Release|x64.ActiveCfg = Release|x64
		{65A41EC4-67E5-4CEB-8180-99B49ED4A81A}.Release|x64.Build.0 = Release|x64
		{65A41EC4-67E5-4CEB-8180-99B49ED4A81A}.Release|x64.Deploy.0 = Release|x64
		{65A41EC4-67E5-4CEB-8180-99B49ED4A81A}.Release|ARM64.ActiveCfg = Release|ARM64
		{65A41EC4-67E5-4CEB-8180-99B49ED4A81A}.Release|ARM64.Build.0 = Release|ARM64
		{65A41EC4-67E5-4CEB-8180-99B49ED4A81A}.Release|ARM64.Deploy.0 = Release|ARM64
		{D1057F59-CDE5-4376-B0FE-8B327A64ED04}.Debug|Win32.ActiveCfg = Debug|Win32
		{D1057F59-CDE5-4376-B0FE-8B327A64ED04}.Debug|Win32.Build.0 = Debug|Win32
		{D1057F59-CDE5-4376-B0FE-8B327A64ED04}.Debug|Win32.Deploy.0 = Debug|Win32
		{D1057F59-CDE5-4376-B0FE-8B327A64ED04}.Debug|x64.ActiveCfg = Debug|x64
		{D1057F59-CDE5-4376-B0FE-8B327A64ED04}.Debug|x64.Build.0 = Debug|x64
		{D1057F59-CDE5-4376-B0FE-8B327A64ED04}.Debug|x64.Deploy.0 = Debug|x64
		{D1057F59-CDE5-4376-B0FE-8B327A64ED04}.Debug|ARM64.ActiveCfg = Debug|ARM64
		{D1057F59-CDE5-4376-B0FE-8B327A64ED04}.Debug|ARM64.Build.0 = Debug|ARM64
		{D1057F59-CDE5-4376-B0FE-8B327A64ED04}.Debug|ARM64.Deploy.0 = Debug|ARM64
		{D1057F59-CDE5-4376-B0FE-8B327A64ED04}.Release|Win32.ActiveCfg = Release|Win32
		{D1057F59-CDE5-4376-B0FE-8B327A64ED04}.Release|Win32.Build.0 = Release|Win32
		{D1057F59-CDE5-4376-B0FE-8B327A64ED04}.Release|Win32.Deploy.0 = Release|Win32
		{D1057F59-CDE5-4376-B0FE-8B327A64ED04}.Release|x64.ActiveCfg = Release|x64
		{D1057F59-CDE5-4376-B0FE-8B327A64ED04}.Release|x64.Build.0 = Release|x64
		{D1057F59-CDE5-4376-B0FE-8B327A64ED04}.Release|x64.Deploy.0 = Release|x64
		{D1057F59-CDE5-4376-B0FE-8B327A64ED04}.Release|ARM64.ActiveCfg = Release|ARM64
		{D1057F59-CDE5-4376-B0FE-8B327A64ED04}.Release|ARM64.Build.0 = Release|ARM64
		{D1057F59-CDE5-4376-B0FE-8B327A64ED04}.Release|ARM64.Deploy.0 = Release|ARM64
		{16DF19C1-ADCB-4C0F-89B1-F617638B46A3}.Debug|Win32.ActiveCfg = Debug|Win32
		{16DF19C1-ADCB-4C0F-89B1-F617638B46A3}.Debug|Win32.Build.0 = Debug|Win32
		{16DF19C1-ADCB-4C0F-89B1-F617638B46A3}.Debug|Win32.Deploy.0 = Debug|Win32
		{16DF19C1-ADCB-4C0F-89B1-F617638B46A3}.Debug|x64.ActiveCfg = Debug|x64
		{16DF19C1-ADCB-4C0F-89B1-F617638B46A3}.Debug|x64.Build.0 = Debug|x64
		{16DF19C1-ADCB-4C0F-89B1-F617638B46A3}.Debug|x64.Deploy.0 = Debug|x64
		{16DF19C1-ADCB-4C0F-89B1-F617638B46A3}.Debug|ARM64.ActiveCfg = Debug|ARM64
		{16DF19C1-ADCB-4C0F-89B1-F617638B46A3}.Debug|ARM64.Build.0 = Debug|ARM64
		{16DF19C1-ADCB-4C0F-89B1-F617638B46A3}.Debug|ARM64.Deploy.0 = Debug|ARM64
		{16DF19C1-ADCB-4C0F-89B1-F617638B46A3}.Release|Win32.ActiveCfg = Release|Win32
		{16DF19C1-ADCB-4C0F-89B1-F617638B46A3}.Release|Win32.Build.0 = Release|Win32
		{16DF19C1-ADCB-4C0F-89B1-F617638B46A3}.Release|Win32.Deploy.0 = Release|Win32
		{16DF19C1-ADCB-4C0F-89B1-F617638B46A3}.Release|x64.ActiveCfg = Release|x64
		{16DF19C1-ADCB-4C0F-89B1-F617638B46A3}.Release|x64.Build.0 = Release|x64
		{16DF19C1-ADCB-4C0F-89B1-F617638B46A3}.Release|x64.Deploy.0 = Release|x64
		{16DF19C1-ADCB-4C0F-89B1-F617638B46A3}.Release|ARM64.ActiveCfg = Release|ARM64
		{16DF19C1-ADCB-4C0F-89B1-F617638B46A3}.Release|ARM64.Build.0 = Release|ARM64
		{16DF19C1-ADCB-4C0F-89B1-F617638B46A3}.Release|ARM64.Deploy.0 = Release|ARM64
		{C515438A-EDD3-41AA-99F8-B5B97E59245B}.Debug|Win32.ActiveCfg = Debug|Win32
		{C515438A-EDD3-41AA-99F8-B5B97E59245B}.Debug|Win32.Build.0 = Debug|Win32
		{C515438A-EDD3-41AA-99F8-B5B97E59245B}.Debug|Win32.Deploy.0 = Debug|Win32
		{C515438A-EDD3-41AA-99F8-B5B97E59245B}.Debug|x64.ActiveCfg = Debug|x64
		{C515438A-EDD3-41AA-99F8-B5B97E59245B}.Debug|x64.Build.0 = Debug|x64
		{C515438A-EDD3-41AA-99F8-B5B97E59245B}.Debug|x64.Deploy.0 = Debug|x64
		{C515438A-EDD3-41AA-99F8-B5B97E59245B}.Debug|ARM64.ActiveCfg = Debug|ARM64
		{C515438A-EDD3-41AA-99F8-B5B97E59245B}.Debug|ARM64.Build.0 = Debug|ARM64
		{C515438A-EDD3-41AA-99F8-B5B97E59245B}.Debug|ARM64.Deploy.0 = Debug|ARM64
		{C515438A-EDD3-41AA-99F8-B5B97E59245B}.Release|Win32.ActiveCfg = Release|Win32
		{C515438A-EDD3-41AA-99F8-B5B97E59245B}.Release|Win32.Build.0 = Release|Win32
		{C515438A-EDD3-41AA-99F8-B5B97E59245B}.Release|Win32.Deploy.0 = Release|Win32
		{C515438A-EDD3-41AA-99F8-B5B97E59245B}.Release|x64.ActiveCfg = Release|x64
		{C515438A-EDD3-41AA-99F8-B5B97E59245B}.Release|x64.Build.0 = Release|x64
		{C515438A-EDD3-41AA-99F8-B5B97E59245B}.Release|x64.Deploy.0 = Release|x64
		{C515438A-EDD3-41AA-99F8-B5B97E59245B}.Release|ARM64.ActiveCfg = Release|ARM64
		{C515438A-EDD3-41AA-99F8-B5B97E59245B}.Release|ARM64.Build.0 = Release|ARM64
		{C515438A-EDD3-41AA-99F8-B5B97E59245B}.Release|ARM64.Deploy.0 = Release|ARM64
		{47E780F6-CDE5-4A73-8537-59B76C4787D2}.Debug|Win32.ActiveCfg = Debug|Win32
		{47E780F6-CDE5-4A73-8537-59B76C4787D2}.Debug|Win32.Build.0 = Debug|Win32
		{47E780F6-CDE5-4A73-8537-59B76C4787D2}.Debug|Win32.Deploy.0 = Debug|Win32
		{47E780F6-CDE5-4A73-8537-59B76C4787D2}.Debug|x64.ActiveCfg = Debug|x64
		{47E780F6-CDE5-4A73-8537-59B76C4787D2}.Debug|x64.Build.0 = Debug|x64
		{47E780F6-CDE5-4A73-8537-59B76C4787D2}.Debug|x64.Deploy.0 = Debug|x64
		{47E780F6-CDE5-4A73-8537-59B76C4787D2}.Debug|ARM64.ActiveCfg = Debug|ARM64
		{47E780F6-CDE5-4A73-8537-59B76C4787D2}.Debug|ARM64.Build.0 = Debug|ARM64
		{47E780F6-CDE5-4A73-8537-59B76C4787D2}.Debug|ARM64.Deploy.0 = Debug|ARM64
		{47E780F6-CDE5-4A73-8537-59B76C4787D2}.Release|Win32.ActiveCfg = Release|Win32
		{47E780F6-CDE5-4A73-8537-59B76C4787D2}.Release|Win32.Build.0 = Release|Win32
		{47E780F6-CDE5-4A73-8537-59B76C4787D2}.Release|Win32.Deploy.0 = Release|Win32
		{47E780F6-CDE5-4A73-8537-59B76C4787D2}.Release|x64.ActiveCfg = Release|x64
		{47E780F6-CDE5-4A73-8537-59B76C4787D2}.Release|x64.Build.0 = Release|x64
		{47E780F6-CDE5-4A73-8537-59B76C4787D2}.Release|x64.Deploy.0 = Release|x64
		{47E780F6-CDE5-4A73-8537-59B76C4787D2}.Release|ARM64.ActiveCfg = Release|ARM64
		{47E780F6-CDE5-4A73-8537-59B76C4787D2}.Release|ARM64.Build.0 = Release|ARM64
		{47E780F6-CDE5-4A73-8537-59B76C4787D2}.Release|ARM64.Deploy.0 = Release|ARM64
	EndGlobalSection
	GlobalSection(SolutionProperties) = preSolution
		HideSolutionNode = FALSE
	EndGlobalSection
EndGlobal
