
Microsoft Visual Studio Solution File, Format Version 11.00
# Visual Studio Version 16
Project("{8BC9CEB8-8B4A-11D0-8D11-00A0C91BC942}") = "3d", "3d.vcxproj", "{BC92C73F-BDAC-4734-8C19-09A003D82F1E}"
EndProject
Project("{8BC9CEB8-8B4A-11D0-8D11-00A0C91BC942}") = "3d_multi", "3d_multi.vcxproj", "{1863FEF5-50D9-4D97-8318-E19F289D3772}"
EndProject
Project("{8BC9CEB8-8B4A-11D0-8D11-00A0C91BC942}") = "event_parameter", "event_parameter.vcxproj", "{33F7BA57-A3C9-4849-9337-29F66406263F}"
EndProject
Project("{8BC9CEB8-8B4A-11D0-8D11-00A0C91BC942}") = "load_banks", "load_banks.vcxproj", "{0E848AB3-CEB6-4192-BC03-ACC496B1B102}"
EndProject
Project("{8BC9CEB8-8B4A-11D0-8D11-00A0C91BC942}") = "music_callbacks", "music_callbacks.vcxproj", "{8FF8C850-B253-47DA-9DBA-80F9B518E513}"
EndProject
Project("{8BC9CEB8-8B4A-11D0-8D11-00A0C91BC942}") = "objectpan", "objectpan.vcxproj", "{0A5134C8-EC9E-4063-9281-EE17419C1E0E}"
EndProject
Project("{8BC9CEB8-8B4A-11D0-8D11-00A0C91BC942}") = "programmer_sound", "programmer_sound.vcxproj", "{2EF07F81-B62A-430F-8BB5-CC9DEE03D947}"
EndProject
Project("{8BC9CEB8-8B4A-11D0-8D11-00A0C91BC942}") = "recording_playback", "recording_playback.vcxproj", "{6758DB13-5531-4B8A-B1AB-9EF34F279221}"
EndProject
Project("{8BC9CEB8-8B4A-11D0-8D11-00A0C91BC942}") = "simple_event", "simple_event.vcxproj", "{9CE23B2E-CBEB-4CE1-BC44-D0053AB20453}"
EndProject
Global
	GlobalSection(SolutionConfigurationPlatforms) = preSolution
		Debug|Win32 = Debug|Win32
		Debug|x64 = Debug|x64
		Debug|ARM64 = Debug|ARM64
		Release|Win32 = Release|Win32
		Release|x64 = Release|x64
		Release|ARM64 = Release|ARM64
	EndGlobalSection
	GlobalSection(ProjectConfigurationPlatforms) = postSolution
		{BC92C73F-BDAC-4734-8C19-09A003D82F1E}.Debug|Win32.ActiveCfg = Debug|Win32
		{BC92C73F-BDAC-4734-8C19-09A003D82F1E}.Debug|Win32.Build.0 = Debug|Win32
		{BC92C73F-BDAC-4734-8C19-09A003D82F1E}.Debug|Win32.Deploy.0 = Debug|Win32
		{BC92C73F-BDAC-4734-8C19-09A003D82F1E}.Debug|x64.ActiveCfg = Debug|x64
		{BC92C73F-BDAC-4734-8C19-09A003D82F1E}.Debug|x64.Build.0 = Debug|x64
		{BC92C73F-BDAC-4734-8C19-09A003D82F1E}.Debug|x64.Deploy.0 = Debug|x64
		{BC92C73F-BDAC-4734-8C19-09A003D82F1E}.Debug|ARM64.ActiveCfg = Debug|ARM64
		{BC92C73F-BDAC-4734-8C19-09A003D82F1E}.Debug|ARM64.Build.0 = Debug|ARM64
		{BC92C73F-BDAC-4734-8C19-09A003D82F1E}.Debug|ARM64.Deploy.0 = Debug|ARM64
		{BC92C73F-BDAC-4734-8C19-09A003D82F1E}.Release|Win32.ActiveCfg = Release|Win32
		{BC92C73F-BDAC-4734-8C19-09A003D82F1E}.Release|Win32.Build.0 = Release|Win32
		{BC92C73F-BDAC-4734-8C19-09A003D82F1E}.Release|Win32.Deploy.0 = Release|Win32
		{BC92C73F-BDAC-4734-8C19-09A003D82F1E}.Release|x64.ActiveCfg = Release|x64
		{BC92C73F-BDAC-4734-8C19-09A003D82F1E}.Release|x64.Build.0 = Release|x64
		{BC92C73F-BDAC-4734-8C19-09A003D82F1E}.Release|x64.Deploy.0 = Release|x64
		{BC92C73F-BDAC-4734-8C19-09A003D82F1E}.Release|ARM64.ActiveCfg = Release|ARM64
		{BC92C73F-BDAC-4734-8C19-09A003D82F1E}.Release|ARM64.Build.0 = Release|ARM64
		{BC92C73F-BDAC-4734-8C19-09A003D82F1E}.Release|ARM64.Deploy.0 = Release|ARM64
		{1863FEF5-50D9-4D97-8318-E19F289D3772}.Debug|Win32.ActiveCfg = Debug|Win32
		{1863FEF5-50D9-4D97-8318-E19F289D3772}.Debug|Win32.Build.0 = Debug|Win32
		{1863FEF5-50D9-4D97-8318-E19F289D3772}.Debug|Win32.Deploy.0 = Debug|Win32
		{1863FEF5-50D9-4D97-8318-E19F289D3772}.Debug|x64.ActiveCfg = Debug|x64
		{1863FEF5-50D9-4D97-8318-E19F289D3772}.Debug|x64.Build.0 = Debug|x64
		{1863FEF5-50D9-4D97-8318-E19F289D3772}.Debug|x64.Deploy.0 = Debug|x64
		{1863FEF5-50D9-4D97-8318-E19F289D3772}.Debug|ARM64.ActiveCfg = Debug|ARM64
		{1863FEF5-50D9-4D97-8318-E19F289D3772}.Debug|ARM64.Build.0 = Debug|ARM64
		{1863FEF5-50D9-4D97-8318-E19F289D3772}.Debug|ARM64.Deploy.0 = Debug|ARM64
		{1863FEF5-50D9-4D97-8318-E19F289D3772}.Release|Win32.ActiveCfg = Release|Win32
		{1863FEF5-50D9-4D97-8318-E19F289D3772}.Release|Win32.Build.0 = Release|Win32
		{1863FEF5-50D9-4D97-8318-E19F289D3772}.Release|Win32.Deploy.0 = Release|Win32
		{1863FEF5-50D9-4D97-8318-E19F289D3772}.Release|x64.ActiveCfg = Release|x64
		{1863FEF5-50D9-4D97-8318-E19F289D3772}.Release|x64.Build.0 = Release|x64
		{1863FEF5-50D9-4D97-8318-E19F289D3772}.Release|x64.Deploy.0 = Release|x64
		{1863FEF5-50D9-4D97-8318-E19F289D3772}.Release|ARM64.ActiveCfg = Release|ARM64
		{1863FEF5-50D9-4D97-8318-E19F289D3772}.Release|ARM64.Build.0 = Release|ARM64
		{1863FEF5-50D9-4D97-8318-E19F289D3772}.Release|ARM64.Deploy.0 = Release|ARM64
		{33F7BA57-A3C9-4849-9337-29F66406263F}.Debug|Win32.ActiveCfg = Debug|Win32
		{33F7BA57-A3C9-4849-9337-29F66406263F}.Debug|Win32.Build.0 = Debug|Win32
		{33F7BA57-A3C9-4849-9337-29F66406263F}.Debug|Win32.Deploy.0 = Debug|Win32
		{33F7BA57-A3C9-4849-9337-29F66406263F}.Debug|x64.ActiveCfg = Debug|x64
		{33F7BA57-A3C9-4849-9337-29F66406263F}.Debug|x64.Build.0 = Debug|x64
		{33F7BA57-A3C9-4849-9337-29F66406263F}.Debug|x64.Deploy.0 = Debug|x64
		{33F7BA57-A3C9-4849-9337-29F66406263F}.Debug|ARM64.ActiveCfg = Debug|ARM64
		{33F7BA57-A3C9-4849-9337-29F66406263F}.Debug|ARM64.Build.0 = Debug|ARM64
		{33F7BA57-A3C9-4849-9337-29F66406263F}.Debug|ARM64.Deploy.0 = Debug|ARM64
		{33F7BA57-A3C9-4849-9337-29F66406263F}.Release|Win32.ActiveCfg = Release|Win32
		{33F7BA57-A3C9-4849-9337-29F66406263F}.Release|Win32.Build.0 = Release|Win32
		{33F7BA57-A3C9-4849-9337-29F66406263F}.Release|Win32.Deploy.0 = Release|Win32
		{33F7BA57-A3C9-4849-9337-29F66406263F}.Release|x64.ActiveCfg = Release|x64
		{33F7BA57-A3C9-4849-9337-29F66406263F}.Release|x64.Build.0 = Release|x64
		{33F7BA57-A3C9-4849-9337-29F66406263F}.Release|x64.Deploy.0 = Release|x64
		{33F7BA57-A3C9-4849-9337-29F66406263F}.Release|ARM64.ActiveCfg = Release|ARM64
		{33F7BA57-A3C9-4849-9337-29F66406263F}.Release|ARM64.Build.0 = Release|ARM64
		{33F7BA57-A3C9-4849-9337-29F66406263F}.Release|ARM64.Deploy.0 = Release|ARM64
		{0E848AB3-CEB6-4192-BC03-ACC496B1B102}.Debug|Win32.ActiveCfg = Debug|Win32
		{0E848AB3-CEB6-4192-BC03-ACC496B1B102}.Debug|Win32.Build.0 = Debug|Win32
		{0E848AB3-CEB6-4192-BC03-ACC496B1B102}.Debug|Win32.Deploy.0 = Debug|Win32
		{0E848AB3-CEB6-4192-BC03-ACC496B1B102}.Debug|x64.ActiveCfg = Debug|x64
		{0E848AB3-CEB6-4192-BC03-ACC496B1B102}.Debug|x64.Build.0 = Debug|x64
		{0E848AB3-CEB6-4192-BC03-ACC496B1B102}.Debug|x64.Deploy.0 = Debug|x64
		{0E848AB3-CEB6-4192-BC03-ACC496B1B102}.Debug|ARM64.ActiveCfg = Debug|ARM64
		{0E848AB3-CEB6-4192-BC03-ACC496B1B102}.Debug|ARM64.Build.0 = Debug|ARM64
		{0E848AB3-CEB6-4192-BC03-ACC496B1B102}.Debug|ARM64.Deploy.0 = Debug|ARM64
		{0E848AB3-CEB6-4192-BC03-ACC496B1B102}.Release|Win32.ActiveCfg = Release|Win32
		{0E848AB3-CEB6-4192-BC03-ACC496B1B102}.Release|Win32.Build.0 = Release|Win32
		{0E848AB3-CEB6-4192-BC03-ACC496B1B102}.Release|Win32.Deploy.0 = Release|Win32
		{0E848AB3-CEB6-4192-BC03-ACC496B1B102}.Release|x64.ActiveCfg = Release|x64
		{0E848AB3-CEB6-4192-BC03-ACC496B1B102}.Release|x64.Build.0 = Release|x64
		{0E848AB3-CEB6-4192-BC03-ACC496B1B102}.Release|x64.Deploy.0 = Release|x64
		{0E848AB3-CEB6-4192-BC03-ACC496B1B102}.Release|ARM64.ActiveCfg = Release|ARM64
		{0E848AB3-CEB6-4192-BC03-ACC496B1B102}.Release|ARM64.Build.0 = Release|ARM64
		{0E848AB3-CEB6-4192-BC03-ACC496B1B102}.Release|ARM64.Deploy.0 = Release|ARM64
		{8FF8C850-B253-47DA-9DBA-80F9B518E513}.Debug|Win32.ActiveCfg = Debug|Win32
		{8FF8C850-B253-47DA-9DBA-80F9B518E513}.Debug|Win32.Build.0 = Debug|Win32
		{8FF8C850-B253-47DA-9DBA-80F9B518E513}.Debug|Win32.Deploy.0 = Debug|Win32
		{8FF8C850-B253-47DA-9DBA-80F9B518E513}.Debug|x64.ActiveCfg = Debug|x64
		{8FF8C850-B253-47DA-9DBA-80F9B518E513}.Debug|x64.Build.0 = Debug|x64
		{8FF8C850-B253-47DA-9DBA-80F9B518E513}.Debug|x64.Deploy.0 = Debug|x64
		{8FF8C850-B253-47DA-9DBA-80F9B518E513}.Debug|ARM64.ActiveCfg = Debug|ARM64
		{8FF8C850-B253-47DA-9DBA-80F9B518E513}.Debug|ARM64.Build.0 = Debug|ARM64
		{8FF8C850-B253-47DA-9DBA-80F9B518E513}.Debug|ARM64.Deploy.0 = Debug|ARM64
		{8FF8C850-B253-47DA-9DBA-80F9B518E513}.Release|Win32.ActiveCfg = Release|Win32
		{8FF8C850-B253-47DA-9DBA-80F9B518E513}.Release|Win32.Build.0 = Release|Win32
		{8FF8C850-B253-47DA-9DBA-80F9B518E513}.Release|Win32.Deploy.0 = Release|Win32
		{8FF8C850-B253-47DA-9DBA-80F9B518E513}.Release|x64.ActiveCfg = Release|x64
		{8FF8C850-B253-47DA-9DBA-80F9B518E513}.Release|x64.Build.0 = Release|x64
		{8FF8C850-B253-47DA-9DBA-80F9B518E513}.Release|x64.Deploy.0 = Release|x64
		{8FF8C850-B253-47DA-9DBA-80F9B518E513}.Release|ARM64.ActiveCfg = Release|ARM64
		{8FF8C850-B253-47DA-9DBA-80F9B518E513}.Release|ARM64.Build.0 = Release|ARM64
		{8FF8C850-B253-47DA-9DBA-80F9B518E513}.Release|ARM64.Deploy.0 = Release|ARM64
		{0A5134C8-EC9E-4063-9281-EE17419C1E0E}.Debug|Win32.ActiveCfg = Debug|Win32
		{0A5134C8-EC9E-4063-9281-EE17419C1E0E}.Debug|Win32.Build.0 = Debug|Win32
		{0A5134C8-EC9E-4063-9281-EE17419C1E0E}.Debug|Win32.Deploy.0 = Debug|Win32
		{0A5134C8-EC9E-4063-9281-EE17419C1E0E}.Debug|x64.ActiveCfg = Debug|x64
		{0A5134C8-EC9E-4063-9281-EE17419C1E0E}.Debug|x64.Build.0 = Debug|x64
		{0A5134C8-EC9E-4063-9281-EE17419C1E0E}.Debug|x64.Deploy.0 = Debug|x64
		{0A5134C8-EC9E-4063-9281-EE17419C1E0E}.Debug|ARM64.ActiveCfg = Debug|ARM64
		{0A5134C8-EC9E-4063-9281-EE17419C1E0E}.Debug|ARM64.Build.0 = Debug|ARM64
		{0A5134C8-EC9E-4063-9281-EE17419C1E0E}.Debug|ARM64.Deploy.0 = Debug|ARM64
		{0A5134C8-EC9E-4063-9281-EE17419C1E0E}.Release|Win32.ActiveCfg = Release|Win32
		{0A5134C8-EC9E-4063-9281-EE17419C1E0E}.Release|Win32.Build.0 = Release|Win32
		{0A5134C8-EC9E-4063-9281-EE17419C1E0E}.Release|Win32.Deploy.0 = Release|Win32
		{0A5134C8-EC9E-4063-9281-EE17419C1E0E}.Release|x64.ActiveCfg = Release|x64
		{0A5134C8-EC9E-4063-9281-EE17419C1E0E}.Release|x64.Build.0 = Release|x64
		{0A5134C8-EC9E-4063-9281-EE17419C1E0E}.Release|x64.Deploy.0 = Release|x64
		{0A5134C8-EC9E-4063-9281-EE17419C1E0E}.Release|ARM64.ActiveCfg = Release|ARM64
		{0A5134C8-EC9E-4063-9281-EE17419C1E0E}.Release|ARM64.Build.0 = Release|ARM64
		{0A5134C8-EC9E-4063-9281-EE17419C1E0E}.Release|ARM64.Deploy.0 = Release|ARM64
		{2EF07F81-B62A-430F-8BB5-CC9DEE03D947}.Debug|Win32.ActiveCfg = Debug|Win32
		{2EF07F81-B62A-430F-8BB5-CC9DEE03D947}.Debug|Win32.Build.0 = Debug|Win32
		{2EF07F81-B62A-430F-8BB5-CC9DEE03D947}.Debug|Win32.Deploy.0 = Debug|Win32
		{2EF07F81-B62A-430F-8BB5-CC9DEE03D947}.Debug|x64.ActiveCfg = Debug|x64
		{2EF07F81-B62A-430F-8BB5-CC9DEE03D947}.Debug|x64.Build.0 = Debug|x64
		{2EF07F81-B62A-430F-8BB5-CC9DEE03D947}.Debug|x64.Deploy.0 = Debug|x64
		{2EF07F81-B62A-430F-8BB5-CC9DEE03D947}.Debug|ARM64.ActiveCfg = Debug|ARM64
		{2EF07F81-B62A-430F-8BB5-CC9DEE03D947}.Debug|ARM64.Build.0 = Debug|ARM64
		{2EF07F81-B62A-430F-8BB5-CC9DEE03D947}.Debug|ARM64.Deploy.0 = Debug|ARM64
		{2EF07F81-B62A-430F-8BB5-CC9DEE03D947}.Release|Win32.ActiveCfg = Release|Win32
		{2EF07F81-B62A-430F-8BB5-CC9DEE03D947}.Release|Win32.Build.0 = Release|Win32
		{2EF07F81-B62A-430F-8BB5-CC9DEE03D947}.Release|Win32.Deploy.0 = Release|Win32
		{2EF07F81-B62A-430F-8BB5-CC9DEE03D947}.Release|x64.ActiveCfg = Release|x64
		{2EF07F81-B62A-430F-8BB5-CC9DEE03D947}.Release|x64.Build.0 = Release|x64
		{2EF07F81-B62A-430F-8BB5-CC9DEE03D947}.Release|x64.Deploy.0 = Release|x64
		{2EF07F81-B62A-430F-8BB5-CC9DEE03D947}.Release|ARM64.ActiveCfg = Release|ARM64
		{2EF07F81-B62A-430F-8BB5-CC9DEE03D947}.Release|ARM64.Build.0 = Release|ARM64
		{2EF07F81-B62A-430F-8BB5-CC9DEE03D947}.Release|ARM64.Deploy.0 = Release|ARM64
		{6758DB13-5531-4B8A-B1AB-9EF34F279221}.Debug|Win32.ActiveCfg = Debug|Win32
		{6758DB13-5531-4B8A-B1AB-9EF34F279221}.Debug|Win32.Build.0 = Debug|Win32
		{6758DB13-5531-4B8A-B1AB-9EF34F279221}.Debug|Win32.Deploy.0 = Debug|Win32
		{6758DB13-5531-4B8A-B1AB-9EF34F279221}.Debug|x64.ActiveCfg = Debug|x64
		{6758DB13-5531-4B8A-B1AB-9EF34F279221}.Debug|x64.Build.0 = Debug|x64
		{6758DB13-5531-4B8A-B1AB-9EF34F279221}.Debug|x64.Deploy.0 = Debug|x64
		{6758DB13-5531-4B8A-B1AB-9EF34F279221}.Debug|ARM64.ActiveCfg = Debug|ARM64
		{6758DB13-5531-4B8A-B1AB-9EF34F279221}.Debug|ARM64.Build.0 = Debug|ARM64
		{6758DB13-5531-4B8A-B1AB-9EF34F279221}.Debug|ARM64.Deploy.0 = Debug|ARM64
		{6758DB13-5531-4B8A-B1AB-9EF34F279221}.Release|Win32.ActiveCfg = Release|Win32
		{6758DB13-5531-4B8A-B1AB-9EF34F279221}.Release|Win32.Build.0 = Release|Win32
		{6758DB13-5531-4B8A-B1AB-9EF34F279221}.Release|Win32.Deploy.0 = Release|Win32
		{6758DB13-5531-4B8A-B1AB-9EF34F279221}.Release|x64.ActiveCfg = Release|x64
		{6758DB13-5531-4B8A-B1AB-9EF34F279221}.Release|x64.Build.0 = Release|x64
		{6758DB13-5531-4B8A-B1AB-9EF34F279221}.Release|x64.Deploy.0 = Release|x64
		{6758DB13-5531-4B8A-B1AB-9EF34F279221}.Release|ARM64.ActiveCfg = Release|ARM64
		{6758DB13-5531-4B8A-B1AB-9EF34F279221}.Release|ARM64.Build.0 = Release|ARM64
		{6758DB13-5531-4B8A-B1AB-9EF34F279221}.Release|ARM64.Deploy.0 = Release|ARM64
		{9CE23B2E-CBEB-4CE1-BC44-D0053AB20453}.Debug|Win32.ActiveCfg = Debug|Win32
		{9CE23B2E-CBEB-4CE1-BC44-D0053AB20453}.Debug|Win32.Build.0 = Debug|Win32
		{9CE23B2E-CBEB-4CE1-BC44-D0053AB20453}.Debug|Win32.Deploy.0 = Debug|Win32
		{9CE23B2E-CBEB-4CE1-BC44-D0053AB20453}.Debug|x64.ActiveCfg = Debug|x64
		{9CE23B2E-CBEB-4CE1-BC44-D0053AB20453}.Debug|x64.Build.0 = Debug|x64
		{9CE23B2E-CBEB-4CE1-BC44-D0053AB20453}.Debug|x64.Deploy.0 = Debug|x64
		{9CE23B2E-CBEB-4CE1-BC44-D0053AB20453}.Debug|ARM64.ActiveCfg = Debug|ARM64
		{9CE23B2E-CBEB-4CE1-BC44-D0053AB20453}.Debug|ARM64.Build.0 = Debug|ARM64
		{9CE23B2E-CBEB-4CE1-BC44-D0053AB20453}.Debug|ARM64.Deploy.0 = Debug|ARM64
		{9CE23B2E-CBEB-4CE1-BC44-D0053AB20453}.Release|Win32.ActiveCfg = Release|Win32
		{9CE23B2E-CBEB-4CE1-BC44-D0053AB20453}.Release|Win32.Build.0 = Release|Win32
		{9CE23B2E-CBEB-4CE1-BC44-D0053AB20453}.Release|Win32.Deploy.0 = Release|Win32
		{9CE23B2E-CBEB-4CE1-BC44-D0053AB20453}.Release|x64.ActiveCfg = Release|x64
		{9CE23B2E-CBEB-4CE1-BC44-D0053AB20453}.Release|x64.Build.0 = Release|x64
		{9CE23B2E-CBEB-4CE1-BC44-D0053AB20453}.Release|x64.Deploy.0 = Release|x64
		{9CE23B2E-CBEB-4CE1-BC44-D0053AB20453}.Release|ARM64.ActiveCfg = Release|ARM64
		{9CE23B2E-CBEB-4CE1-BC44-D0053AB20453}.Release|ARM64.Build.0 = Release|ARM64
		{9CE23B2E-CBEB-4CE1-BC44-D0053AB20453}.Release|ARM64.Deploy.0 = Release|ARM64
	EndGlobalSection
	GlobalSection(SolutionProperties) = preSolution
		HideSolutionNode = FALSE
	EndGlobalSection
EndGlobal
